
Microsoft Visual Studio Solution File, Format Version 12.00
# Visual Studio 15
VisualStudioVersion = 15.0.27130.2036
MinimumVisualStudioVersion = 10.0.40219.1
Project("{FAE04EC0-301F-11D3-BF4B-00C04F79EFBC}") = "Turismo.Android", "Turismo\Turismo.Android\Turismo.Android.csproj", "{F07B4743-36B3-44AB-9183-A19CF266423B}"
EndProject
Project("{FAE04EC0-301F-11D3-BF4B-00C04F79EFBC}") = "Turismo.iOS", "Turismo\Turismo.iOS\Turismo.iOS.csproj", "{ADD32EB3-F24A-43E1-961B-4D3E740D135F}"
EndProject
Project("{FAE04EC0-301F-11D3-BF4B-00C04F79EFBC}") = "Turismo", "Turismo\Turismo\Turismo.csproj", "{8775DB37-E7D2-4844-8FBF-EA31EFB573F6}"
EndProject
Global
	GlobalSection(SolutionConfigurationPlatforms) = preSolution
		Ad-Hoc|Any CPU = Ad-Hoc|Any CPU
		Ad-Hoc|iPhone = Ad-Hoc|iPhone
		Ad-Hoc|iPhoneSimulator = Ad-Hoc|iPhoneSimulator
		AppStore|Any CPU = AppStore|Any CPU
		AppStore|iPhone = AppStore|iPhone
		AppStore|iPhoneSimulator = AppStore|iPhoneSimulator
		Debug|Any CPU = Debug|Any CPU
		Debug|iPhone = Debug|iPhone
		Debug|iPhoneSimulator = Debug|iPhoneSimulator
		Release|Any CPU = Release|Any CPU
		Release|iPhone = Release|iPhone
		Release|iPhoneSimulator = Release|iPhoneSimulator
	EndGlobalSection
	GlobalSection(ProjectConfigurationPlatforms) = postSolution
		{F07B4743-36B3-44AB-9183-A19CF266423B}.Ad-Hoc|Any CPU.ActiveCfg = Release|Any CPU
		{F07B4743-36B3-44AB-9183-A19CF266423B}.Ad-Hoc|Any CPU.Build.0 = Release|Any CPU
		{F07B4743-36B3-44AB-9183-A19CF266423B}.Ad-Hoc|Any CPU.Deploy.0 = Release|Any CPU
		{F07B4743-36B3-44AB-9183-A19CF266423B}.Ad-Hoc|iPhone.ActiveCfg = Release|Any CPU
		{F07B4743-36B3-44AB-9183-A19CF266423B}.Ad-Hoc|iPhone.Build.0 = Release|Any CPU
		{F07B4743-36B3-44AB-9183-A19CF266423B}.Ad-Hoc|iPhone.Deploy.0 = Release|Any CPU
		{F07B4743-36B3-44AB-9183-A19CF266423B}.Ad-Hoc|iPhoneSimulator.ActiveCfg = Release|Any CPU
		{F07B4743-36B3-44AB-9183-A19CF266423B}.Ad-Hoc|iPhoneSimulator.Build.0 = Release|Any CPU
		{F07B4743-36B3-44AB-9183-A19CF266423B}.Ad-Hoc|iPhoneSimulator.Deploy.0 = Release|Any CPU
		{F07B4743-36B3-44AB-9183-A19CF266423B}.AppStore|Any CPU.ActiveCfg = Release|Any CPU
		{F07B4743-36B3-44AB-9183-A19CF266423B}.AppStore|Any CPU.Build.0 = Release|Any CPU
		{F07B4743-36B3-44AB-9183-A19CF266423B}.AppStore|Any CPU.Deploy.0 = Release|Any CPU
		{F07B4743-36B3-44AB-9183-A19CF266423B}.AppStore|iPhone.ActiveCfg = Release|Any CPU
		{F07B4743-36B3-44AB-9183-A19CF266423B}.AppStore|iPhone.Build.0 = Release|Any CPU
		{F07B4743-36B3-44AB-9183-A19CF266423B}.AppStore|iPhone.Deploy.0 = Release|Any CPU
		{F07B4743-36B3-44AB-9183-A19CF266423B}.AppStore|iPhoneSimulator.ActiveCfg = Release|Any CPU
		{F07B4743-36B3-44AB-9183-A19CF266423B}.AppStore|iPhoneSimulator.Build.0 = Release|Any CPU
		{F07B4743-36B3-44AB-9183-A19CF266423B}.AppStore|iPhoneSimulator.Deploy.0 = Release|Any CPU
		{F07B4743-36B3-44AB-9183-A19CF266423B}.Debug|Any CPU.ActiveCfg = Debug|Any CPU
		{F07B4743-36B3-44AB-9183-A19CF266423B}.Debug|Any CPU.Build.0 = Debug|Any CPU
		{F07B4743-36B3-44AB-9183-A19CF266423B}.Debug|Any CPU.Deploy.0 = Debug|Any CPU
		{F07B4743-36B3-44AB-9183-A19CF266423B}.Debug|iPhone.ActiveCfg = Debug|Any CPU
		{F07B4743-36B3-44AB-9183-A19CF266423B}.Debug|iPhone.Build.0 = Debug|Any CPU
		{F07B4743-36B3-44AB-9183-A19CF266423B}.Debug|iPhone.Deploy.0 = Debug|Any CPU
		{F07B4743-36B3-44AB-9183-A19CF266423B}.Debug|iPhoneSimulator.ActiveCfg = Debug|Any CPU
		{F07B4743-36B3-44AB-9183-A19CF266423B}.Debug|iPhoneSimulator.Build.0 = Debug|Any CPU
		{F07B4743-36B3-44AB-9183-A19CF266423B}.Debug|iPhoneSimulator.Deploy.0 = Debug|Any CPU
		{F07B4743-36B3-44AB-9183-A19CF266423B}.Release|Any CPU.ActiveCfg = Release|Any CPU
		{F07B4743-36B3-44AB-9183-A19CF266423B}.Release|Any CPU.Build.0 = Release|Any CPU
		{F07B4743-36B3-44AB-9183-A19CF266423B}.Release|Any CPU.Deploy.0 = Release|Any CPU
		{F07B4743-36B3-44AB-9183-A19CF266423B}.Release|iPhone.ActiveCfg = Release|Any CPU
		{F07B4743-36B3-44AB-9183-A19CF266423B}.Release|iPhone.Build.0 = Release|Any CPU
		{F07B4743-36B3-44AB-9183-A19CF266423B}.Release|iPhone.Deploy.0 = Release|Any CPU
		{F07B4743-36B3-44AB-9183-A19CF266423B}.Release|iPhoneSimulator.ActiveCfg = Release|Any CPU
		{F07B4743-36B3-44AB-9183-A19CF266423B}.Release|iPhoneSimulator.Build.0 = Release|Any CPU
		{F07B4743-36B3-44AB-9183-A19CF266423B}.Release|iPhoneSimulator.Deploy.0 = Release|Any CPU
		{ADD32EB3-F24A-43E1-961B-4D3E740D135F}.Ad-Hoc|Any CPU.ActiveCfg = Ad-Hoc|iPhone
		{ADD32EB3-F24A-43E1-961B-4D3E740D135F}.Ad-Hoc|iPhone.ActiveCfg = Ad-Hoc|iPhone
		{ADD32EB3-F24A-43E1-961B-4D3E740D135F}.Ad-Hoc|iPhone.Build.0 = Ad-Hoc|iPhone
		{ADD32EB3-F24A-43E1-961B-4D3E740D135F}.Ad-Hoc|iPhoneSimulator.ActiveCfg = Ad-Hoc|iPhoneSimulator
		{ADD32EB3-F24A-43E1-961B-4D3E740D135F}.Ad-Hoc|iPhoneSimulator.Build.0 = Ad-Hoc|iPhoneSimulator
		{ADD32EB3-F24A-43E1-961B-4D3E740D135F}.AppStore|Any CPU.ActiveCfg = AppStore|iPhone
		{ADD32EB3-F24A-43E1-961B-4D3E740D135F}.AppStore|iPhone.ActiveCfg = AppStore|iPhone
		{ADD32EB3-F24A-43E1-961B-4D3E740D135F}.AppStore|iPhone.Build.0 = AppStore|iPhone
		{ADD32EB3-F24A-43E1-961B-4D3E740D135F}.AppStore|iPhoneSimulator.ActiveCfg = AppStore|iPhoneSimulator
		{ADD32EB3-F24A-43E1-961B-4D3E740D135F}.AppStore|iPhoneSimulator.Build.0 = AppStore|iPhoneSimulator
		{ADD32EB3-F24A-43E1-961B-4D3E740D135F}.Debug|Any CPU.ActiveCfg = Debug|iPhone
		{ADD32EB3-F24A-43E1-961B-4D3E740D135F}.Debug|iPhone.ActiveCfg = Debug|iPhone
		{ADD32EB3-F24A-43E1-961B-4D3E740D135F}.Debug|iPhone.Build.0 = Debug|iPhone
		{ADD32EB3-F24A-43E1-961B-4D3E740D135F}.Debug|iPhoneSimulator.ActiveCfg = Debug|iPhoneSimulator
		{ADD32EB3-F24A-43E1-961B-4D3E740D135F}.Debug|iPhoneSimulator.Build.0 = Debug|iPhoneSimulator
		{ADD32EB3-F24A-43E1-961B-4D3E740D135F}.Release|Any CPU.ActiveCfg = Release|iPhone
		{ADD32EB3-F24A-43E1-961B-4D3E740D135F}.Release|iPhone.ActiveCfg = Release|iPhone
		{ADD32EB3-F24A-43E1-961B-4D3E740D135F}.Release|iPhone.Build.0 = Release|iPhone
		{ADD32EB3-F24A-43E1-961B-4D3E740D135F}.Release|iPhoneSimulator.ActiveCfg = Release|iPhoneSimulator
		{ADD32EB3-F24A-43E1-961B-4D3E740D135F}.Release|iPhoneSimulator.Build.0 = Release|iPhoneSimulator
		{8775DB37-E7D2-4844-8FBF-EA31EFB573F6}.Ad-Hoc|Any CPU.ActiveCfg = Debug|Any CPU
		{8775DB37-E7D2-4844-8FBF-EA31EFB573F6}.Ad-Hoc|Any CPU.Build.0 = Debug|Any CPU
		{8775DB37-E7D2-4844-8FBF-EA31EFB573F6}.Ad-Hoc|iPhone.ActiveCfg = Debug|Any CPU
		{8775DB37-E7D2-4844-8FBF-EA31EFB573F6}.Ad-Hoc|iPhone.Build.0 = Debug|Any CPU
		{8775DB37-E7D2-4844-8FBF-EA31EFB573F6}.Ad-Hoc|iPhoneSimulator.ActiveCfg = Debug|Any CPU
		{8775DB37-E7D2-4844-8FBF-EA31EFB573F6}.Ad-Hoc|iPhoneSimulator.Build.0 = Debug|Any CPU
		{8775DB37-E7D2-4844-8FBF-EA31EFB573F6}.AppStore|Any CPU.ActiveCfg = Debug|Any CPU
		{8775DB37-E7D2-4844-8FBF-EA31EFB573F6}.AppStore|Any CPU.Build.0 = Debug|Any CPU
		{8775DB37-E7D2-4844-8FBF-EA31EFB573F6}.AppStore|iPhone.ActiveCfg = Debug|Any CPU
		{8775DB37-E7D2-4844-8FBF-EA31EFB573F6}.AppStore|iPhone.Build.0 = Debug|Any CPU
		{8775DB37-E7D2-4844-8FBF-EA31EFB573F6}.AppStore|iPhoneSimulator.ActiveCfg = Debug|Any CPU
		{8775DB37-E7D2-4844-8FBF-EA31EFB573F6}.AppStore|iPhoneSimulator.Build.0 = Debug|Any CPU
		{8775DB37-E7D2-4844-8FBF-EA31EFB573F6}.Debug|Any CPU.ActiveCfg = Debug|Any CPU
		{8775DB37-E7D2-4844-8FBF-EA31EFB573F6}.Debug|Any CPU.Build.0 = Debug|Any CPU
		{8775DB37-E7D2-4844-8FBF-EA31EFB573F6}.Debug|iPhone.ActiveCfg = Debug|Any CPU
		{8775DB37-E7D2-4844-8FBF-EA31EFB573F6}.Debug|iPhone.Build.0 = Debug|Any CPU
		{8775DB37-E7D2-4844-8FBF-EA31EFB573F6}.Debug|iPhoneSimulator.ActiveCfg = Debug|Any CPU
		{8775DB37-E7D2-4844-8FBF-EA31EFB573F6}.Debug|iPhoneSimulator.Build.0 = Debug|Any CPU
		{8775DB37-E7D2-4844-8FBF-EA31EFB573F6}.Release|Any CPU.ActiveCfg = Release|Any CPU
		{8775DB37-E7D2-4844-8FBF-EA31EFB573F6}.Release|Any CPU.Build.0 = Release|Any CPU
		{8775DB37-E7D2-4844-8FBF-EA31EFB573F6}.Release|iPhone.ActiveCfg = Release|Any CPU
		{8775DB37-E7D2-4844-8FBF-EA31EFB573F6}.Release|iPhone.Build.0 = Release|Any CPU
		{8775DB37-E7D2-4844-8FBF-EA31EFB573F6}.Release|iPhoneSimulator.ActiveCfg = Release|Any CPU
		{8775DB37-E7D2-4844-8FBF-EA31EFB573F6}.Release|iPhoneSimulator.Build.0 = Release|Any CPU
	EndGlobalSection
	GlobalSection(SolutionProperties) = preSolution
		HideSolutionNode = FALSE
	EndGlobalSection
	GlobalSection(ExtensibilityGlobals) = postSolution
		SolutionGuid = {7AC969C7-87BC-41E1-B756-FAF311114967}
	EndGlobalSection
EndGlobal
